
Microsoft Visual Studio Solution File, Format Version 12.00
# Visual Studio Version 16
VisualStudioVersion = 16.0.31205.134
MinimumVisualStudioVersion = 10.0.40219.1
Project("{9A19103F-16F7-4668-BE54-9A1E7A4F7556}") = "Windows Tool Demo", "Windows Tool Demo\Windows Tool Demo.csproj", "{909B9140-BC93-47AB-844D-B038AC164F37}"
EndProject
Project("{9A19103F-16F7-4668-BE54-9A1E7A4F7556}") = "Windows Tools Tests", "Windows Tools Tests\Windows Tools Tests.csproj", "{2982F4EB-7262-4ED7-8B75-8D8F4AC2BB94}"
EndProject
Global
	GlobalSection(SolutionConfigurationPlatforms) = preSolution
		Debug|Any CPU = Debug|Any CPU
		Release|Any CPU = Release|Any CPU
	EndGlobalSection
	GlobalSection(ProjectConfigurationPlatforms) = postSolution
		{909B9140-BC93-47AB-844D-B038AC164F37}.Debug|Any CPU.ActiveCfg = Debug|Any CPU
		{909B9140-BC93-47AB-844D-B038AC164F37}.Debug|Any CPU.Build.0 = Debug|Any CPU
		{909B9140-BC93-47AB-844D-B038AC164F37}.Release|Any CPU.ActiveCfg = Release|Any CPU
		{909B9140-BC93-47AB-844D-B038AC164F37}.Release|Any CPU.Build.0 = Release|Any CPU
		{2982F4EB-7262-4ED7-8B75-8D8F4AC2BB94}.Debug|Any CPU.ActiveCfg = Debug|Any CPU
		{2982F4EB-7262-4ED7-8B75-8D8F4AC2BB94}.Debug|Any CPU.Build.0 = Debug|Any CPU
		{2982F4EB-7262-4ED7-8B75-8D8F4AC2BB94}.Release|Any CPU.ActiveCfg = Release|Any CPU
		{2982F4EB-7262-4ED7-8B75-8D8F4AC2BB94}.Release|Any CPU.Build.0 = Release|Any CPU
	EndGlobalSection
	GlobalSection(SolutionProperties) = preSolution
		HideSolutionNode = FALSE
	EndGlobalSection
	GlobalSection(ExtensibilityGlobals) = postSolution
		SolutionGuid = {699F813B-ECEE-4FAA-9D57-D603536850BC}
	EndGlobalSection
EndGlobal
